{
  "name": "nextjs-forge-demo",
  "version": "0.1.0",
  "lockfileVersion": 3,
  "requires": true,
  "packages": {
    "": {
      "name": "nextjs-forge-demo",
      "version": "0.1.0",
      "dependencies": {
        "@tylertech/forge": "^2.16.3",
        "@types/node": "20.3.1",
        "@types/react": "18.2.14",
        "@types/react-dom": "18.2.6",
        "next": "13.4.7",
        "react": "18.2.0",
        "react-dom": "18.2.0",
        "typescript": "5.1.3"
      }
    },
    "node_modules/@floating-ui/core": {
      "version": "0.7.3",
      "resolved": "https://registry.npmjs.org/@floating-ui/core/-/core-0.7.3.tgz",
      "integrity": "sha512-buc8BXHmG9l82+OQXOFU3Kr2XQx9ys01U/Q9HMIrZ300iLc8HLMgh7dcCqgYzAzf4BkoQvDcXf5Y+CuEZ5JBYg=="
    },
    "node_modules/@floating-ui/dom": {
      "version": "0.5.4",
      "resolved": "https://registry.npmjs.org/@floating-ui/dom/-/dom-0.5.4.tgz",
      "integrity": "sha512-419BMceRLq0RrmTSDxn8hf9R3VCJv2K9PUfugh5JyEFmdjzDo+e8U5EdR8nzKq8Yj1htzLm3b6eQEEam3/rrtg==",
      "dependencies": {
        "@floating-ui/core": "^0.7.3"
      }
    },
    "node_modules/@material/animation": {
      "version": "14.0.0",
      "resolved": "https://registry.npmjs.org/@material/animation/-/animation-14.0.0.tgz",
      "integrity": "sha512-VlYSfUaIj/BBVtRZI8Gv0VvzikFf+XgK0Zdgsok5c1v5DDnNz5tpB8mnGrveWz0rHbp1X4+CWLKrTwNmjrw3Xw==",
      "dependencies": {
        "tslib": "^2.1.0"
      }
    },
    "node_modules/@material/base": {
      "version": "14.0.0",
      "resolved": "https://registry.npmjs.org/@material/base/-/base-14.0.0.tgz",
      "integrity": "sha512-Ou7vS7n1H4Y10MUZyYAbt6H0t67c6urxoCgeVT7M38aQlaNUwFMODp7KT/myjYz2YULfhu3PtfSV3Sltgac9mA==",
      "dependencies": {
        "tslib": "^2.1.0"
      }
    },
    "node_modules/@material/button": {
      "version": "14.0.0",
      "resolved": "https://registry.npmjs.org/@material/button/-/button-14.0.0.tgz",
      "integrity": "sha512-dqqHaJq0peyXBZupFzCjmvScrfljyVU66ZCS3oldsaaj5iz8sn33I/45Z4zPzdR5F5z8ExToHkRcXhakj1UEAA==",
      "dependencies": {
        "@material/density": "^14.0.0",
        "@material/dom": "^14.0.0",
        "@material/elevation": "^14.0.0",
        "@material/feature-targeting": "^14.0.0",
        "@material/focus-ring": "^14.0.0",
        "@material/ripple": "^14.0.0",
        "@material/rtl": "^14.0.0",
        "@material/shape": "^14.0.0",
        "@material/theme": "^14.0.0",
        "@material/tokens": "^14.0.0",
        "@material/touch-target": "^14.0.0",
        "@material/typography": "^14.0.0",
        "tslib": "^2.1.0"
      }
    },
    "node_modules/@material/card": {
      "version": "14.0.0",
      "resolved": "https://registry.npmjs.org/@material/card/-/card-14.0.0.tgz",
      "integrity": "sha512-SnpYWUrCb92meGYLXV7qa/k40gnHR6rPki6A1wz0OAyG2twY48f0HLscAqxBLvbbm1LuRaqjz0RLKGH3VzxZHw==",
      "dependencies": {
        "@material/dom": "^14.0.0",
        "@material/elevation": "^14.0.0",
        "@material/feature-targeting": "^14.0.0",
        "@material/ripple": "^14.0.0",
        "@material/rtl": "^14.0.0",
        "@material/shape": "^14.0.0",
        "@material/theme": "^14.0.0",
        "tslib": "^2.1.0"
      }
    },
    "node_modules/@material/checkbox": {
      "version": "14.0.0",
      "resolved": "https://registry.npmjs.org/@material/checkbox/-/checkbox-14.0.0.tgz",
      "integrity": "sha512-OoqwysCqvj1d0cRmEwVWPvg5OqYAiCFpE6Wng6me/Cahfe4xgRxSPa37WWqsClw20W7PG/5RrYRCBtc6bUUUZA==",
      "dependencies": {
        "@material/animation": "^14.0.0",
        "@material/base": "^14.0.0",
        "@material/density": "^14.0.0",
        "@material/dom": "^14.0.0",
        "@material/feature-targeting": "^14.0.0",
        "@material/focus-ring": "^14.0.0",
        "@material/ripple": "^14.0.0",
        "@material/theme": "^14.0.0",
        "@material/touch-target": "^14.0.0",
        "tslib": "^2.1.0"
      }
    },
    "node_modules/@material/chips": {
      "version": "14.0.0",
      "resolved": "https://registry.npmjs.org/@material/chips/-/chips-14.0.0.tgz",
      "integrity": "sha512-SfZX/Ovdq4NgjdtIr/N1O3fEHisZC+t8G8629OV/NrniSS6rKOa+q1mImzna8R4pfuYO+7nT5nZewQpL/JSYaQ==",
      "dependencies": {
        "@material/animation": "^14.0.0",
        "@material/base": "^14.0.0",
        "@material/checkbox": "^14.0.0",
        "@material/density": "^14.0.0",
        "@material/dom": "^14.0.0",
        "@material/elevation": "^14.0.0",
        "@material/feature-targeting": "^14.0.0",
        "@material/focus-ring": "^14.0.0",
        "@material/ripple": "^14.0.0",
        "@material/rtl": "^14.0.0",
        "@material/shape": "^14.0.0",
        "@material/theme": "^14.0.0",
        "@material/tokens": "^14.0.0",
        "@material/touch-target": "^14.0.0",
        "@material/typography": "^14.0.0",
        "tslib": "^2.1.0"
      }
    },
    "node_modules/@material/circular-progress": {
      "version": "14.0.0",
      "resolved": "https://registry.npmjs.org/@material/circular-progress/-/circular-progress-14.0.0.tgz",
      "integrity": "sha512-7EdkP6ty54g6qs6zzlsw29vWlUyrcSWr9b4pGGx4D/iNJww+eyxXZ07iWoNOr4uLgguauWEft2axpQiFCwFD0g==",
      "dependencies": {
        "@material/animation": "^14.0.0",
        "@material/base": "^14.0.0",
        "@material/feature-targeting": "^14.0.0",
        "@material/progress-indicator": "^14.0.0",
        "@material/rtl": "^14.0.0",
        "@material/theme": "^14.0.0",
        "tslib": "^2.1.0"
      }
    },
    "node_modules/@material/density": {
      "version": "14.0.0",
      "resolved": "https://registry.npmjs.org/@material/density/-/density-14.0.0.tgz",
      "integrity": "sha512-NlxXBV5XjNsKd8UXF4K/+fOXLxoFNecKbsaQO6O2u+iG8QBfFreKRmkhEBb2hPPwC3w8nrODwXX0lHV+toICQw==",
      "dependencies": {
        "tslib": "^2.1.0"
      }
    },
    "node_modules/@material/dom": {
      "version": "14.0.0",
      "resolved": "https://registry.npmjs.org/@material/dom/-/dom-14.0.0.tgz",
      "integrity": "sha512-8t88XyacclTj8qsIw9q0vEj4PI2KVncLoIsIMzwuMx49P2FZg6TsLjor262MI3Qs00UWAifuLMrhnOnfyrbe7Q==",
      "dependencies": {
        "@material/feature-targeting": "^14.0.0",
        "tslib": "^2.1.0"
      }
    },
    "node_modules/@material/drawer": {
      "version": "14.0.0",
      "resolved": "https://registry.npmjs.org/@material/drawer/-/drawer-14.0.0.tgz",
      "integrity": "sha512-VPrxMIhbkXVbfH7aMFV+Um0tjOVrU/Y65X2hWsVdmjASadE8C5UYjIE3vjL1DM1M+zIa3qZZRUWqz0j1zqbr3w==",
      "dependencies": {
        "@material/animation": "^14.0.0",
        "@material/base": "^14.0.0",
        "@material/dom": "^14.0.0",
        "@material/elevation": "^14.0.0",
        "@material/feature-targeting": "^14.0.0",
        "@material/list": "^14.0.0",
        "@material/ripple": "^14.0.0",
        "@material/rtl": "^14.0.0",
        "@material/shape": "^14.0.0",
        "@material/theme": "^14.0.0",
        "@material/typography": "^14.0.0",
        "tslib": "^2.1.0"
      }
    },
    "node_modules/@material/elevation": {
      "version": "14.0.0",
      "resolved": "https://registry.npmjs.org/@material/elevation/-/elevation-14.0.0.tgz",
      "integrity": "sha512-Di3tkxTpXwvf1GJUmaC8rd+zVh5dB2SWMBGagL4+kT8UmjSISif/OPRGuGnXs3QhF6nmEjkdC0ijdZLcYQkepw==",
      "dependencies": {
        "@material/animation": "^14.0.0",
        "@material/base": "^14.0.0",
        "@material/feature-targeting": "^14.0.0",
        "@material/rtl": "^14.0.0",
        "@material/theme": "^14.0.0",
        "tslib": "^2.1.0"
      }
    },
    "node_modules/@material/feature-targeting": {
      "version": "14.0.0",
      "resolved": "https://registry.npmjs.org/@material/feature-targeting/-/feature-targeting-14.0.0.tgz",
      "integrity": "sha512-a5WGgHEq5lJeeNL5yevtgoZjBjXWy6+klfVWQEh8oyix/rMJygGgO7gEc52uv8fB8uAIoYEB3iBMOv8jRq8FeA==",
      "dependencies": {
        "tslib": "^2.1.0"
      }
    },
    "node_modules/@material/floating-label": {
      "version": "14.0.0",
      "resolved": "https://registry.npmjs.org/@material/floating-label/-/floating-label-14.0.0.tgz",
      "integrity": "sha512-Aq8BboP1sbNnOtsV72AfaYirHyOrQ/GKFoLrZ1Jt+ZGIAuXPETcj9z7nQDznst0ZeKcz420PxNn9tsybTbeL/Q==",
      "dependencies": {
        "@material/animation": "^14.0.0",
        "@material/base": "^14.0.0",
        "@material/dom": "^14.0.0",
        "@material/feature-targeting": "^14.0.0",
        "@material/rtl": "^14.0.0",
        "@material/theme": "^14.0.0",
        "@material/typography": "^14.0.0",
        "tslib": "^2.1.0"
      }
    },
    "node_modules/@material/focus-ring": {
      "version": "14.0.0",
      "resolved": "https://registry.npmjs.org/@material/focus-ring/-/focus-ring-14.0.0.tgz",
      "integrity": "sha512-fqqka6iSfQGJG3Le48RxPCtnOiaLGPDPikhktGbxlyW9srBVMgeCiONfHM7IT/1eu80O0Y67Lh/4ohu5+C+VAQ==",
      "dependencies": {
        "@material/dom": "^14.0.0",
        "@material/feature-targeting": "^14.0.0",
        "@material/rtl": "^14.0.0"
      }
    },
    "node_modules/@material/form-field": {
      "version": "14.0.0",
      "resolved": "https://registry.npmjs.org/@material/form-field/-/form-field-14.0.0.tgz",
      "integrity": "sha512-k1GNBj6Sp8A7Xsn5lTMp5DkUkg60HX7YkQIRyFz1qCDCKJRWh/ou7Z45GMMgKmG3aF6LfjIavc7SjyCl8e5yVg==",
      "dependencies": {
        "@material/base": "^14.0.0",
        "@material/feature-targeting": "^14.0.0",
        "@material/ripple": "^14.0.0",
        "@material/rtl": "^14.0.0",
        "@material/theme": "^14.0.0",
        "@material/typography": "^14.0.0",
        "tslib": "^2.1.0"
      }
    },
    "node_modules/@material/icon-button": {
      "version": "14.0.0",
      "resolved": "https://registry.npmjs.org/@material/icon-button/-/icon-button-14.0.0.tgz",
      "integrity": "sha512-wHMqzm7Q/UwbWLoWv32Li1r2iVYxadIrwTNxT0+p+7NdfI3lEwMN3NoB0CvoJnHTljjXDzce0KJ3nZloa0P0gA==",
      "dependencies": {
        "@material/base": "^14.0.0",
        "@material/density": "^14.0.0",
        "@material/dom": "^14.0.0",
        "@material/elevation": "^14.0.0",
        "@material/feature-targeting": "^14.0.0",
        "@material/focus-ring": "^14.0.0",
        "@material/ripple": "^14.0.0",
        "@material/rtl": "^14.0.0",
        "@material/theme": "^14.0.0",
        "@material/touch-target": "^14.0.0",
        "tslib": "^2.1.0"
      }
    },
    "node_modules/@material/line-ripple": {
      "version": "14.0.0",
      "resolved": "https://registry.npmjs.org/@material/line-ripple/-/line-ripple-14.0.0.tgz",
      "integrity": "sha512-Rx9eSnfp3FcsNz4O+fobNNq2PSm5tYHC3hRpY2ZK3ghTvgp3Y40/soaGEi/Vdg0F7jJXRaBSNOe6p5t9CVfy8Q==",
      "dependencies": {
        "@material/animation": "^14.0.0",
        "@material/base": "^14.0.0",
        "@material/feature-targeting": "^14.0.0",
        "@material/theme": "^14.0.0",
        "tslib": "^2.1.0"
      }
    },
    "node_modules/@material/linear-progress": {
      "version": "14.0.0",
      "resolved": "https://registry.npmjs.org/@material/linear-progress/-/linear-progress-14.0.0.tgz",
      "integrity": "sha512-MGIAWMHMW6TSV/TNWyl5N/escpDHk3Rq6hultFif+D9adqbOXrtfZZIFPLj1FpMm1Ucnj6zgOmJHgCDsxRVNIA==",
      "dependencies": {
        "@material/animation": "^14.0.0",
        "@material/base": "^14.0.0",
        "@material/dom": "^14.0.0",
        "@material/feature-targeting": "^14.0.0",
        "@material/progress-indicator": "^14.0.0",
        "@material/rtl": "^14.0.0",
        "@material/theme": "^14.0.0",
        "tslib": "^2.1.0"
      }
    },
    "node_modules/@material/list": {
      "version": "14.0.0",
      "resolved": "https://registry.npmjs.org/@material/list/-/list-14.0.0.tgz",
      "integrity": "sha512-AFaBGV9vQyfnG8BT2R3UGVdF5w2SigQqBH+qbOSxQhk4BgVvhDfJUIKT415poLNMdnaDtcuYz+ZWvVNoRDaL7w==",
      "dependencies": {
        "@material/base": "^14.0.0",
        "@material/density": "^14.0.0",
        "@material/dom": "^14.0.0",
        "@material/feature-targeting": "^14.0.0",
        "@material/ripple": "^14.0.0",
        "@material/rtl": "^14.0.0",
        "@material/shape": "^14.0.0",
        "@material/theme": "^14.0.0",
        "@material/typography": "^14.0.0",
        "tslib": "^2.1.0"
      }
    },
    "node_modules/@material/menu": {
      "version": "14.0.0",
      "resolved": "https://registry.npmjs.org/@material/menu/-/menu-14.0.0.tgz",
      "integrity": "sha512-oU6GjbYnkG6a5nX9HUSege5OQByf6yUteEij8fpf0ci3f5BWf/gr39dnQ+rfl+q119cW0WIEmVK2YJ/BFxMzEQ==",
      "dependencies": {
        "@material/base": "^14.0.0",
        "@material/dom": "^14.0.0",
        "@material/elevation": "^14.0.0",
        "@material/feature-targeting": "^14.0.0",
        "@material/list": "^14.0.0",
        "@material/menu-surface": "^14.0.0",
        "@material/ripple": "^14.0.0",
        "@material/rtl": "^14.0.0",
        "@material/theme": "^14.0.0",
        "tslib": "^2.1.0"
      }
    },
    "node_modules/@material/menu-surface": {
      "version": "14.0.0",
      "resolved": "https://registry.npmjs.org/@material/menu-surface/-/menu-surface-14.0.0.tgz",
      "integrity": "sha512-wRz3UCrhJ4kRrijJEbvIPRa0mqA5qkQmKXjBH4Xu1ApedZruP+OM3Qb2Bj4XugCA3eCXpiohg+gdyTAX3dVQyw==",
      "dependencies": {
        "@material/animation": "^14.0.0",
        "@material/base": "^14.0.0",
        "@material/elevation": "^14.0.0",
        "@material/feature-targeting": "^14.0.0",
        "@material/rtl": "^14.0.0",
        "@material/shape": "^14.0.0",
        "@material/theme": "^14.0.0",
        "tslib": "^2.1.0"
      }
    },
    "node_modules/@material/notched-outline": {
      "version": "14.0.0",
      "resolved": "https://registry.npmjs.org/@material/notched-outline/-/notched-outline-14.0.0.tgz",
      "integrity": "sha512-6S58DlWmhCDr4RQF2RuwqANxlmLdHtWy2mF4JQLD9WOiCg4qY9eCQnMXu3Tbhr7f/nOZ0vzc7AtA3vfJoZmCSw==",
      "dependencies": {
        "@material/base": "^14.0.0",
        "@material/feature-targeting": "^14.0.0",
        "@material/floating-label": "^14.0.0",
        "@material/rtl": "^14.0.0",
        "@material/shape": "^14.0.0",
        "@material/theme": "^14.0.0",
        "tslib": "^2.1.0"
      }
    },
    "node_modules/@material/progress-indicator": {
      "version": "14.0.0",
      "resolved": "https://registry.npmjs.org/@material/progress-indicator/-/progress-indicator-14.0.0.tgz",
      "integrity": "sha512-09JRTuIySxs670Tcy4jVlqCUbyrO+Ad6z3nHnAi8pYl74duco4n/9jTROV0mlFdr9NIFifnd08lKbiFLDmfJGQ==",
      "dependencies": {
        "tslib": "^2.1.0"
      }
    },
    "node_modules/@material/ripple": {
      "version": "14.0.0",
      "resolved": "https://registry.npmjs.org/@material/ripple/-/ripple-14.0.0.tgz",
      "integrity": "sha512-9XoGBFd5JhFgELgW7pqtiLy+CnCIcV2s9cQ2BWbOQeA8faX9UZIDUx/g76nHLZ7UzKFtsULJxZTwORmsEt2zvw==",
      "dependencies": {
        "@material/animation": "^14.0.0",
        "@material/base": "^14.0.0",
        "@material/dom": "^14.0.0",
        "@material/feature-targeting": "^14.0.0",
        "@material/rtl": "^14.0.0",
        "@material/theme": "^14.0.0",
        "tslib": "^2.1.0"
      }
    },
    "node_modules/@material/rtl": {
      "version": "14.0.0",
      "resolved": "https://registry.npmjs.org/@material/rtl/-/rtl-14.0.0.tgz",
      "integrity": "sha512-xl6OZYyRjuiW2hmbjV2omMV8sQtfmKAjeWnD1RMiAPLCTyOW9Lh/PYYnXjxUrNa0cRwIIbOn5J7OYXokja8puA==",
      "dependencies": {
        "@material/theme": "^14.0.0",
        "tslib": "^2.1.0"
      }
    },
    "node_modules/@material/select": {
      "version": "14.0.0",
      "resolved": "https://registry.npmjs.org/@material/select/-/select-14.0.0.tgz",
      "integrity": "sha512-4aY1kUHEnbOCRG3Tkuuk8yFfyNYSvOstBbjiYE/Z1ZGF3P1z+ON35iLatP84LvNteX4F1EMO2QAta2QbLRMAkw==",
      "dependencies": {
        "@material/animation": "^14.0.0",
        "@material/base": "^14.0.0",
        "@material/density": "^14.0.0",
        "@material/dom": "^14.0.0",
        "@material/elevation": "^14.0.0",
        "@material/feature-targeting": "^14.0.0",
        "@material/floating-label": "^14.0.0",
        "@material/line-ripple": "^14.0.0",
        "@material/list": "^14.0.0",
        "@material/menu": "^14.0.0",
        "@material/menu-surface": "^14.0.0",
        "@material/notched-outline": "^14.0.0",
        "@material/ripple": "^14.0.0",
        "@material/rtl": "^14.0.0",
        "@material/shape": "^14.0.0",
        "@material/theme": "^14.0.0",
        "@material/tokens": "^14.0.0",
        "@material/typography": "^14.0.0",
        "tslib": "^2.1.0"
      }
    },
    "node_modules/@material/shape": {
      "version": "14.0.0",
      "resolved": "https://registry.npmjs.org/@material/shape/-/shape-14.0.0.tgz",
      "integrity": "sha512-o0mJB0+feOv473KckI8gFnUo8IQAaEA6ynXzw3VIYFjPi48pJwrxa0mZcJP/OoTXrCbDzDeFJfDPXEmRioBb9A==",
      "dependencies": {
        "@material/feature-targeting": "^14.0.0",
        "@material/rtl": "^14.0.0",
        "@material/theme": "^14.0.0",
        "tslib": "^2.1.0"
      }
    },
    "node_modules/@material/slider": {
      "version": "14.0.0",
      "resolved": "https://registry.npmjs.org/@material/slider/-/slider-14.0.0.tgz",
      "integrity": "sha512-m5RqySIps1vhAQnGp2eg4Sh2Ss6bzrZm10TWBw2cNFHmbiI72rK2EeFnMsBXAarplY0cot/FaMuj91VP36gKFQ==",
      "dependencies": {
        "@material/animation": "^14.0.0",
        "@material/base": "^14.0.0",
        "@material/dom": "^14.0.0",
        "@material/elevation": "^14.0.0",
        "@material/feature-targeting": "^14.0.0",
        "@material/ripple": "^14.0.0",
        "@material/rtl": "^14.0.0",
        "@material/theme": "^14.0.0",
        "@material/typography": "^14.0.0",
        "tslib": "^2.1.0"
      }
    },
    "node_modules/@material/switch": {
      "version": "14.0.0",
      "resolved": "https://registry.npmjs.org/@material/switch/-/switch-14.0.0.tgz",
      "integrity": "sha512-vHVKzbvHVKGSrkMB1lZAl8z3eJ8sPRnSR+DWn+IhqHcTsDdDyly2NNj4i2vTSrEA39CztGqkx0OnKM4vkpiZHw==",
      "dependencies": {
        "@material/animation": "^14.0.0",
        "@material/base": "^14.0.0",
        "@material/density": "^14.0.0",
        "@material/dom": "^14.0.0",
        "@material/elevation": "^14.0.0",
        "@material/feature-targeting": "^14.0.0",
        "@material/focus-ring": "^14.0.0",
        "@material/ripple": "^14.0.0",
        "@material/rtl": "^14.0.0",
        "@material/shape": "^14.0.0",
        "@material/theme": "^14.0.0",
        "@material/tokens": "^14.0.0",
        "tslib": "^2.1.0"
      }
    },
    "node_modules/@material/tab": {
      "version": "14.0.0",
      "resolved": "https://registry.npmjs.org/@material/tab/-/tab-14.0.0.tgz",
      "integrity": "sha512-jGSQdp6BvZOVnvGbv0DvNDJL2lHYVFtKGehV0gSZ7FrjHK6gZnKZjWOVwt1NPu9ig9zy85vPRFpvFTeje1KZpg==",
      "dependencies": {
        "@material/base": "^14.0.0",
        "@material/elevation": "^14.0.0",
        "@material/feature-targeting": "^14.0.0",
        "@material/focus-ring": "^14.0.0",
        "@material/ripple": "^14.0.0",
        "@material/rtl": "^14.0.0",
        "@material/tab-indicator": "^14.0.0",
        "@material/theme": "^14.0.0",
        "@material/typography": "^14.0.0",
        "tslib": "^2.1.0"
      }
    },
    "node_modules/@material/tab-indicator": {
      "version": "14.0.0",
      "resolved": "https://registry.npmjs.org/@material/tab-indicator/-/tab-indicator-14.0.0.tgz",
      "integrity": "sha512-wfq136fsJGqtCIW8x1wFQHgRr7dIQ9SWqp6WG4FQGHpSzliNDA23/bdBUjh3lX2U+mfbdsFmZWEPy06jg2uc5g==",
      "dependencies": {
        "@material/animation": "^14.0.0",
        "@material/base": "^14.0.0",
        "@material/feature-targeting": "^14.0.0",
        "@material/theme": "^14.0.0",
        "tslib": "^2.1.0"
      }
    },
    "node_modules/@material/tab-scroller": {
      "version": "14.0.0",
      "resolved": "https://registry.npmjs.org/@material/tab-scroller/-/tab-scroller-14.0.0.tgz",
      "integrity": "sha512-wadETsRM7vT4mRjXedaPXxI/WFSSgqHRNI//dORJ6627hoiJfLb5ixwUKTYk9zTz6gNwAlRTrKh98Dr9T7n7Kw==",
      "dependencies": {
        "@material/animation": "^14.0.0",
        "@material/base": "^14.0.0",
        "@material/dom": "^14.0.0",
        "@material/feature-targeting": "^14.0.0",
        "@material/tab": "^14.0.0",
        "tslib": "^2.1.0"
      }
    },
    "node_modules/@material/theme": {
      "version": "14.0.0",
      "resolved": "https://registry.npmjs.org/@material/theme/-/theme-14.0.0.tgz",
      "integrity": "sha512-6/SENWNIFuXzeHMPHrYwbsXKgkvCtWuzzQ3cUu4UEt3KcQ5YpViazIM6h8ByYKZP8A9d8QpkJ0WGX5btGDcVoA==",
      "dependencies": {
        "@material/feature-targeting": "^14.0.0",
        "tslib": "^2.1.0"
      }
    },
    "node_modules/@material/tokens": {
      "version": "14.0.0",
      "resolved": "https://registry.npmjs.org/@material/tokens/-/tokens-14.0.0.tgz",
      "integrity": "sha512-SXgB9VwsKW4DFkHmJfDIS0x0cGdMWC1D06m6z/WQQ5P5j6/m0pKrbHVlrLzXcRjau+mFhXGvj/KyPo9Pp/Rc8Q==",
      "dependencies": {
        "@material/elevation": "^14.0.0"
      }
    },
    "node_modules/@material/top-app-bar": {
      "version": "14.0.0",
      "resolved": "https://registry.npmjs.org/@material/top-app-bar/-/top-app-bar-14.0.0.tgz",
      "integrity": "sha512-uPej5vHgZnlSB1+koiA9FnabXrHh3O/Npl2ifpUgDVwHDSOxKvLp2LNjyCO71co1QLNnNHIU0xXv3B97Gb0rpA==",
      "dependencies": {
        "@material/animation": "^14.0.0",
        "@material/base": "^14.0.0",
        "@material/elevation": "^14.0.0",
        "@material/ripple": "^14.0.0",
        "@material/rtl": "^14.0.0",
        "@material/shape": "^14.0.0",
        "@material/theme": "^14.0.0",
        "@material/typography": "^14.0.0",
        "tslib": "^2.1.0"
      }
    },
    "node_modules/@material/touch-target": {
      "version": "14.0.0",
      "resolved": "https://registry.npmjs.org/@material/touch-target/-/touch-target-14.0.0.tgz",
      "integrity": "sha512-o3kvxmS4HkmZoQTvtzLJrqSG+ezYXkyINm3Uiwio1PTg67pDgK5FRwInkz0VNaWPcw9+5jqjUQGjuZMtjQMq8w==",
      "dependencies": {
        "@material/base": "^14.0.0",
        "@material/feature-targeting": "^14.0.0",
        "@material/rtl": "^14.0.0",
        "tslib": "^2.1.0"
      }
    },
    "node_modules/@material/typography": {
      "version": "14.0.0",
      "resolved": "https://registry.npmjs.org/@material/typography/-/typography-14.0.0.tgz",
      "integrity": "sha512-/QtHBYiTR+TPMryM/CT386B2WlAQf/Ae32V324Z7P40gHLKY/YBXx7FDutAWZFeOerq/two4Nd2aAHBcMM2wMw==",
      "dependencies": {
        "@material/feature-targeting": "^14.0.0",
        "@material/theme": "^14.0.0",
        "tslib": "^2.1.0"
      }
    },
    "node_modules/@next/env": {
      "version": "13.4.7",
      "resolved": "https://registry.npmjs.org/@next/env/-/env-13.4.7.tgz",
      "integrity": "sha512-ZlbiFulnwiFsW9UV1ku1OvX/oyIPLtMk9p/nnvDSwI0s7vSoZdRtxXNsaO+ZXrLv/pMbXVGq4lL8TbY9iuGmVw=="
    },
    "node_modules/@next/swc-darwin-arm64": {
      "version": "13.4.7",
      "resolved": "https://registry.npmjs.org/@next/swc-darwin-arm64/-/swc-darwin-arm64-13.4.7.tgz",
      "integrity": "sha512-VZTxPv1b59KGiv/pZHTO5Gbsdeoxcj2rU2cqJu03btMhHpn3vwzEK0gUSVC/XW96aeGO67X+cMahhwHzef24/w==",
      "cpu": [
        "arm64"
      ],
      "optional": true,
      "os": [
        "darwin"
      ],
      "engines": {
        "node": ">= 10"
      }
    },
    "node_modules/@next/swc-darwin-x64": {
      "version": "13.4.7",
      "resolved": "https://registry.npmjs.org/@next/swc-darwin-x64/-/swc-darwin-x64-13.4.7.tgz",
      "integrity": "sha512-gO2bw+2Ymmga+QYujjvDz9955xvYGrWofmxTq7m70b9pDPvl7aDFABJOZ2a8SRCuSNB5mXU8eTOmVVwyp/nAew==",
      "cpu": [
        "x64"
      ],
      "optional": true,
      "os": [
        "darwin"
      ],
      "engines": {
        "node": ">= 10"
      }
    },
    "node_modules/@next/swc-linux-arm64-gnu": {
      "version": "13.4.7",
      "resolved": "https://registry.npmjs.org/@next/swc-linux-arm64-gnu/-/swc-linux-arm64-gnu-13.4.7.tgz",
      "integrity": "sha512-6cqp3vf1eHxjIDhEOc7Mh/s8z1cwc/l5B6ZNkOofmZVyu1zsbEM5Hmx64s12Rd9AYgGoiCz4OJ4M/oRnkE16/Q==",
      "cpu": [
        "arm64"
      ],
      "optional": true,
      "os": [
        "linux"
      ],
      "engines": {
        "node": ">= 10"
      }
    },
    "node_modules/@next/swc-linux-arm64-musl": {
      "version": "13.4.7",
      "resolved": "https://registry.npmjs.org/@next/swc-linux-arm64-musl/-/swc-linux-arm64-musl-13.4.7.tgz",
      "integrity": "sha512-T1kD2FWOEy5WPidOn1si0rYmWORNch4a/NR52Ghyp4q7KyxOCuiOfZzyhVC5tsLIBDH3+cNdB5DkD9afpNDaOw==",
      "cpu": [
        "arm64"
      ],
      "optional": true,
      "os": [
        "linux"
      ],
      "engines": {
        "node": ">= 10"
      }
    },
    "node_modules/@next/swc-linux-x64-gnu": {
      "version": "13.4.7",
      "resolved": "https://registry.npmjs.org/@next/swc-linux-x64-gnu/-/swc-linux-x64-gnu-13.4.7.tgz",
      "integrity": "sha512-zaEC+iEiAHNdhl6fuwl0H0shnTzQoAoJiDYBUze8QTntE/GNPfTYpYboxF5LRYIjBwETUatvE0T64W6SKDipvg==",
      "cpu": [
        "x64"
      ],
      "optional": true,
      "os": [
        "linux"
      ],
      "engines": {
        "node": ">= 10"
      }
    },
    "node_modules/@next/swc-linux-x64-musl": {
      "version": "13.4.7",
      "resolved": "https://registry.npmjs.org/@next/swc-linux-x64-musl/-/swc-linux-x64-musl-13.4.7.tgz",
      "integrity": "sha512-X6r12F8d8SKAtYJqLZBBMIwEqcTRvUdVm+xIq+l6pJqlgT2tNsLLf2i5Cl88xSsIytBICGsCNNHd+siD2fbWBA==",
      "cpu": [
        "x64"
      ],
      "optional": true,
      "os": [
        "linux"
      ],
      "engines": {
        "node": ">= 10"
      }
    },
    "node_modules/@next/swc-win32-arm64-msvc": {
      "version": "13.4.7",
      "resolved": "https://registry.npmjs.org/@next/swc-win32-arm64-msvc/-/swc-win32-arm64-msvc-13.4.7.tgz",
      "integrity": "sha512-NPnmnV+vEIxnu6SUvjnuaWRglZzw4ox5n/MQTxeUhb5iwVWFedolPFebMNwgrWu4AELwvTdGtWjqof53AiWHcw==",
      "cpu": [
        "arm64"
      ],
      "optional": true,
      "os": [
        "win32"
      ],
      "engines": {
        "node": ">= 10"
      }
    },
    "node_modules/@next/swc-win32-ia32-msvc": {
      "version": "13.4.7",
      "resolved": "https://registry.npmjs.org/@next/swc-win32-ia32-msvc/-/swc-win32-ia32-msvc-13.4.7.tgz",
      "integrity": "sha512-6Hxijm6/a8XqLQpOOf/XuwWRhcuc/g4rBB2oxjgCMuV9Xlr2bLs5+lXyh8w9YbAUMYR3iC9mgOlXbHa79elmXw==",
      "cpu": [
        "ia32"
      ],
      "optional": true,
      "os": [
        "win32"
      ],
      "engines": {
        "node": ">= 10"
      }
    },
    "node_modules/@next/swc-win32-x64-msvc": {
      "version": "13.4.7",
      "resolved": "https://registry.npmjs.org/@next/swc-win32-x64-msvc/-/swc-win32-x64-msvc-13.4.7.tgz",
      "integrity": "sha512-sW9Yt36Db1nXJL+mTr2Wo0y+VkPWeYhygvcHj1FF0srVtV+VoDjxleKtny21QHaG05zdeZnw2fCtf2+dEqgwqA==",
      "cpu": [
        "x64"
      ],
      "optional": true,
      "os": [
        "win32"
      ],
      "engines": {
        "node": ">= 10"
      }
    },
    "node_modules/@swc/helpers": {
      "version": "0.5.1",
      "resolved": "https://registry.npmjs.org/@swc/helpers/-/helpers-0.5.1.tgz",
      "integrity": "sha512-sJ902EfIzn1Fa+qYmjdQqh8tPsoxyBz+8yBKC2HKUxyezKJFwPGOn7pv4WY6QuQW//ySQi5lJjA/ZT9sNWWNTg==",
      "dependencies": {
        "tslib": "^2.4.0"
      }
    },
    "node_modules/@tylertech/forge": {
      "version": "2.16.3",
      "resolved": "https://registry.npmjs.org/@tylertech/forge/-/forge-2.16.3.tgz",
      "integrity": "sha512-DyG3cOnoZHH9aNRF3rgsBpdVHfwD0zPHDtqgp3sOvPAiAsvajWEf6aGQ+1XhZa8bA594rFhKheJ494Hw9Bvxlw==",
      "dependencies": {
        "@material/animation": "^14.0.0",
        "@material/button": "^14.0.0",
        "@material/card": "^14.0.0",
        "@material/checkbox": "^14.0.0",
        "@material/chips": "^14.0.0",
        "@material/circular-progress": "^14.0.0",
        "@material/density": "^14.0.0",
        "@material/dom": "^14.0.0",
        "@material/drawer": "^14.0.0",
        "@material/elevation": "^14.0.0",
        "@material/feature-targeting": "^14.0.0",
        "@material/form-field": "^14.0.0",
        "@material/icon-button": "^14.0.0",
        "@material/linear-progress": "^14.0.0",
        "@material/menu-surface": "^14.0.0",
        "@material/ripple": "^14.0.0",
        "@material/rtl": "^14.0.0",
        "@material/select": "^14.0.0",
        "@material/shape": "^14.0.0",
        "@material/slider": "^14.0.0",
        "@material/switch": "^14.0.0",
        "@material/tab-indicator": "^14.0.0",
        "@material/tab-scroller": "^14.0.0",
        "@material/theme": "^14.0.0",
        "@material/tokens": "^14.0.0",
        "@material/top-app-bar": "^14.0.0",
        "@material/touch-target": "^14.0.0",
        "@material/typography": "^14.0.0",
        "@tylertech/forge-core": "^2.1.0",
        "@tylertech/tyler-icons": "^1.12.0",
        "imask": "^6.6.1",
        "tslib": "^2.3.1"
      }
    },
    "node_modules/@tylertech/forge-core": {
      "version": "2.2.2",
      "resolved": "https://registry.npmjs.org/@tylertech/forge-core/-/forge-core-2.2.2.tgz",
      "integrity": "sha512-VnMebSPWyn8p9/HQWybIBXYUAoKaaLDKhm2BCHoIeE0t6WUlyullS4kBR4t4//0qkJn3o5Gh6bX6lgH+esLxHA==",
      "dependencies": {
        "@floating-ui/dom": "^0.5.0",
        "tslib": "^2.3.1"
      }
    },
    "node_modules/@tylertech/tyler-icons": {
      "version": "1.17.0",
      "resolved": "https://registry.npmjs.org/@tylertech/tyler-icons/-/tyler-icons-1.17.0.tgz",
      "integrity": "sha512-2+3WSYbToBtAUpjxfenRdbJH78f+LgoXYGAouDrCzuIpCgvt0lxNfZA6EmPpEe6AyrUyhYKcoNw5gnjOkm4I9A=="
    },
    "node_modules/@types/node": {
      "version": "20.3.1",
      "resolved": "https://registry.npmjs.org/@types/node/-/node-20.3.1.tgz",
      "integrity": "sha512-EhcH/wvidPy1WeML3TtYFGR83UzjxeWRen9V402T8aUGYsCHOmfoisV3ZSg03gAFIbLq8TnWOJ0f4cALtnSEUg=="
    },
    "node_modules/@types/prop-types": {
      "version": "15.7.5",
      "resolved": "https://registry.npmjs.org/@types/prop-types/-/prop-types-15.7.5.tgz",
      "integrity": "sha512-JCB8C6SnDoQf0cNycqd/35A7MjcnK+ZTqE7judS6o7utxUCg6imJg3QK2qzHKszlTjcj2cn+NwMB2i96ubpj7w=="
    },
    "node_modules/@types/react": {
      "version": "18.2.14",
      "resolved": "https://registry.npmjs.org/@types/react/-/react-18.2.14.tgz",
      "integrity": "sha512-A0zjq+QN/O0Kpe30hA1GidzyFjatVvrpIvWLxD+xv67Vt91TWWgco9IvrJBkeyHm1trGaFS/FSGqPlhyeZRm0g==",
      "dependencies": {
        "@types/prop-types": "*",
        "@types/scheduler": "*",
        "csstype": "^3.0.2"
      }
    },
    "node_modules/@types/react-dom": {
      "version": "18.2.6",
      "resolved": "https://registry.npmjs.org/@types/react-dom/-/react-dom-18.2.6.tgz",
      "integrity": "sha512-2et4PDvg6PVCyS7fuTc4gPoksV58bW0RwSxWKcPRcHZf0PRUGq03TKcD/rUHe3azfV6/5/biUBJw+HhCQjaP0A==",
      "dependencies": {
        "@types/react": "*"
      }
    },
    "node_modules/@types/scheduler": {
      "version": "0.16.3",
      "resolved": "https://registry.npmjs.org/@types/scheduler/-/scheduler-0.16.3.tgz",
      "integrity": "sha512-5cJ8CB4yAx7BH1oMvdU0Jh9lrEXyPkar6F9G/ERswkCuvP4KQZfZkSjcMbAICCpQTN4OuZn8tz0HiKv9TGZgrQ=="
    },
    "node_modules/busboy": {
      "version": "1.6.0",
      "resolved": "https://registry.npmjs.org/busboy/-/busboy-1.6.0.tgz",
      "integrity": "sha512-8SFQbg/0hQ9xy3UNTB0YEnsNBbWfhf7RtnzpL7TkBiTBRfrQ9Fxcnz7VJsleJpyp6rVLvXiuORqjlHi5q+PYuA==",
      "dependencies": {
        "streamsearch": "^1.1.0"
      },
      "engines": {
        "node": ">=10.16.0"
      }
    },
    "node_modules/caniuse-lite": {
      "version": "1.0.30001507",
      "resolved": "https://registry.npmjs.org/caniuse-lite/-/caniuse-lite-1.0.30001507.tgz",
      "integrity": "sha512-SFpUDoSLCaE5XYL2jfqe9ova/pbQHEmbheDf5r4diNwbAgR3qxM9NQtfsiSscjqoya5K7kFcHPUQ+VsUkIJR4A==",
      "funding": [
        {
          "type": "opencollective",
          "url": "https://opencollective.com/browserslist"
        },
        {
          "type": "tidelift",
          "url": "https://tidelift.com/funding/github/npm/caniuse-lite"
        },
        {
          "type": "github",
          "url": "https://github.com/sponsors/ai"
        }
      ]
    },
    "node_modules/client-only": {
      "version": "0.0.1",
      "resolved": "https://registry.npmjs.org/client-only/-/client-only-0.0.1.tgz",
      "integrity": "sha512-IV3Ou0jSMzZrd3pZ48nLkT9DA7Ag1pnPzaiQhpW7c3RbcqqzvzzVu+L8gfqMp/8IM2MQtSiqaCxrrcfu8I8rMA=="
    },
    "node_modules/csstype": {
      "version": "3.1.2",
      "resolved": "https://registry.npmjs.org/csstype/-/csstype-3.1.2.tgz",
      "integrity": "sha512-I7K1Uu0MBPzaFKg4nI5Q7Vs2t+3gWWW648spaF+Rg7pI9ds18Ugn+lvg4SHczUdKlHI5LWBXyqfS8+DufyBsgQ=="
    },
    "node_modules/glob-to-regexp": {
      "version": "0.4.1",
      "resolved": "https://registry.npmjs.org/glob-to-regexp/-/glob-to-regexp-0.4.1.tgz",
      "integrity": "sha512-lkX1HJXwyMcprw/5YUZc2s7DrpAiHB21/V+E1rHUrVNokkvB6bqMzT0VfV6/86ZNabt1k14YOIaT7nDvOX3Iiw=="
    },
    "node_modules/graceful-fs": {
      "version": "4.2.11",
      "resolved": "https://registry.npmjs.org/graceful-fs/-/graceful-fs-4.2.11.tgz",
      "integrity": "sha512-RbJ5/jmFcNNCcDV5o9eTnBLJ/HszWV0P73bc+Ff4nS/rJj+YaS6IGyiOL0VoBYX+l1Wrl3k63h/KrH+nhJ0XvQ=="
    },
    "node_modules/imask": {
      "version": "6.6.3",
      "resolved": "https://registry.npmjs.org/imask/-/imask-6.6.3.tgz",
      "integrity": "sha512-a9MTDhm+ET4G2IRcdUGuVTXHS05WsRNPGM5CeNJnXiXuoi4zv7g0/UDFLlRF4lBBeb8EWds4C4JVwhI0nuAIug==",
      "engines": {
        "npm": ">=4.0.0"
      }
    },
    "node_modules/js-tokens": {
      "version": "4.0.0",
      "resolved": "https://registry.npmjs.org/js-tokens/-/js-tokens-4.0.0.tgz",
      "integrity": "sha512-RdJUflcE3cUzKiMqQgsCu06FPu9UdIJO0beYbPhHN4k6apgJtifcoCtT9bcxOpYBtpD2kCM6Sbzg4CausW/PKQ=="
    },
    "node_modules/loose-envify": {
      "version": "1.4.0",
      "resolved": "https://registry.npmjs.org/loose-envify/-/loose-envify-1.4.0.tgz",
      "integrity": "sha512-lyuxPGr/Wfhrlem2CL/UcnUc1zcqKAImBDzukY7Y5F/yQiNdko6+fRLevlw1HgMySw7f611UIY408EtxRSoK3Q==",
      "dependencies": {
        "js-tokens": "^3.0.0 || ^4.0.0"
      },
      "bin": {
        "loose-envify": "cli.js"
      }
    },
    "node_modules/nanoid": {
      "version": "3.3.6",
      "resolved": "https://registry.npmjs.org/nanoid/-/nanoid-3.3.6.tgz",
      "integrity": "sha512-BGcqMMJuToF7i1rt+2PWSNVnWIkGCU78jBG3RxO/bZlnZPK2Cmi2QaffxGO/2RvWi9sL+FAiRiXMgsyxQ1DIDA==",
      "funding": [
        {
          "type": "github",
          "url": "https://github.com/sponsors/ai"
        }
      ],
      "bin": {
        "nanoid": "bin/nanoid.cjs"
      },
      "engines": {
        "node": "^10 || ^12 || ^13.7 || ^14 || >=15.0.1"
      }
    },
    "node_modules/next": {
      "version": "13.4.7",
      "resolved": "https://registry.npmjs.org/next/-/next-13.4.7.tgz",
      "integrity": "sha512-M8z3k9VmG51SRT6v5uDKdJXcAqLzP3C+vaKfLIAM0Mhx1um1G7MDnO63+m52qPdZfrTFzMZNzfsgvm3ghuVHIQ==",
      "dependencies": {
        "@next/env": "13.4.7",
        "@swc/helpers": "0.5.1",
        "busboy": "1.6.0",
        "caniuse-lite": "^1.0.30001406",
        "postcss": "8.4.14",
        "styled-jsx": "5.1.1",
        "watchpack": "2.4.0",
        "zod": "3.21.4"
      },
      "bin": {
        "next": "dist/bin/next"
      },
      "engines": {
        "node": ">=16.8.0"
      },
      "optionalDependencies": {
        "@next/swc-darwin-arm64": "13.4.7",
        "@next/swc-darwin-x64": "13.4.7",
        "@next/swc-linux-arm64-gnu": "13.4.7",
        "@next/swc-linux-arm64-musl": "13.4.7",
        "@next/swc-linux-x64-gnu": "13.4.7",
        "@next/swc-linux-x64-musl": "13.4.7",
        "@next/swc-win32-arm64-msvc": "13.4.7",
        "@next/swc-win32-ia32-msvc": "13.4.7",
        "@next/swc-win32-x64-msvc": "13.4.7"
      },
      "peerDependencies": {
        "@opentelemetry/api": "^1.1.0",
        "fibers": ">= 3.1.0",
        "react": "^18.2.0",
        "react-dom": "^18.2.0",
        "sass": "^1.3.0"
      },
      "peerDependenciesMeta": {
        "@opentelemetry/api": {
          "optional": true
        },
        "fibers": {
          "optional": true
        },
        "sass": {
          "optional": true
        }
      }
    },
    "node_modules/picocolors": {
      "version": "1.0.0",
      "resolved": "https://registry.npmjs.org/picocolors/-/picocolors-1.0.0.tgz",
      "integrity": "sha512-1fygroTLlHu66zi26VoTDv8yRgm0Fccecssto+MhsZ0D/DGW2sm8E8AjW7NU5VVTRt5GxbeZ5qBuJr+HyLYkjQ=="
    },
    "node_modules/postcss": {
      "version": "8.4.14",
      "resolved": "https://registry.npmjs.org/postcss/-/postcss-8.4.14.tgz",
      "integrity": "sha512-E398TUmfAYFPBSdzgeieK2Y1+1cpdxJx8yXbK/m57nRhKSmk1GB2tO4lbLBtlkfPQTDKfe4Xqv1ASWPpayPEig==",
      "funding": [
        {
          "type": "opencollective",
          "url": "https://opencollective.com/postcss/"
        },
        {
          "type": "tidelift",
          "url": "https://tidelift.com/funding/github/npm/postcss"
        }
      ],
      "dependencies": {
        "nanoid": "^3.3.4",
        "picocolors": "^1.0.0",
        "source-map-js": "^1.0.2"
      },
      "engines": {
        "node": "^10 || ^12 || >=14"
      }
    },
    "node_modules/react": {
      "version": "18.2.0",
      "resolved": "https://registry.npmjs.org/react/-/react-18.2.0.tgz",
      "integrity": "sha512-/3IjMdb2L9QbBdWiW5e3P2/npwMBaU9mHCSCUzNln0ZCYbcfTsGbTJrU/kGemdH2IWmB2ioZ+zkxtmq6g09fGQ==",
      "dependencies": {
        "loose-envify": "^1.1.0"
      },
      "engines": {
        "node": ">=0.10.0"
      }
    },
    "node_modules/react-dom": {
      "version": "18.2.0",
      "resolved": "https://registry.npmjs.org/react-dom/-/react-dom-18.2.0.tgz",
      "integrity": "sha512-6IMTriUmvsjHUjNtEDudZfuDQUoWXVxKHhlEGSk81n4YFS+r/Kl99wXiwlVXtPBtJenozv2P+hxDsw9eA7Xo6g==",
      "dependencies": {
        "loose-envify": "^1.1.0",
        "scheduler": "^0.23.0"
      },
      "peerDependencies": {
        "react": "^18.2.0"
      }
    },
    "node_modules/scheduler": {
      "version": "0.23.0",
      "resolved": "https://registry.npmjs.org/scheduler/-/scheduler-0.23.0.tgz",
      "integrity": "sha512-CtuThmgHNg7zIZWAXi3AsyIzA3n4xx7aNyjwC2VJldO2LMVDhFK+63xGqq6CsJH4rTAt6/M+N4GhZiDYPx9eUw==",
      "dependencies": {
        "loose-envify": "^1.1.0"
      }
    },
    "node_modules/source-map-js": {
      "version": "1.0.2",
      "resolved": "https://registry.npmjs.org/source-map-js/-/source-map-js-1.0.2.tgz",
      "integrity": "sha512-R0XvVJ9WusLiqTCEiGCmICCMplcCkIwwR11mOSD9CR5u+IXYdiseeEuXCVAjS54zqwkLcPNnmU4OeJ6tUrWhDw==",
      "engines": {
        "node": ">=0.10.0"
      }
    },
    "node_modules/streamsearch": {
      "version": "1.1.0",
      "resolved": "https://registry.npmjs.org/streamsearch/-/streamsearch-1.1.0.tgz",
      "integrity": "sha512-Mcc5wHehp9aXz1ax6bZUyY5afg9u2rv5cqQI3mRrYkGC8rW2hM02jWuwjtL++LS5qinSyhj2QfLyNsuc+VsExg==",
      "engines": {
        "node": ">=10.0.0"
      }
    },
    "node_modules/styled-jsx": {
      "version": "5.1.1",
      "resolved": "https://registry.npmjs.org/styled-jsx/-/styled-jsx-5.1.1.tgz",
      "integrity": "sha512-pW7uC1l4mBZ8ugbiZrcIsiIvVx1UmTfw7UkC3Um2tmfUq9Bhk8IiyEIPl6F8agHgjzku6j0xQEZbfA5uSgSaCw==",
      "dependencies": {
        "client-only": "0.0.1"
      },
      "engines": {
        "node": ">= 12.0.0"
      },
      "peerDependencies": {
        "react": ">= 16.8.0 || 17.x.x || ^18.0.0-0"
      },
      "peerDependenciesMeta": {
        "@babel/core": {
          "optional": true
        },
        "babel-plugin-macros": {
          "optional": true
        }
      }
    },
    "node_modules/tslib": {
      "version": "2.5.3",
      "resolved": "https://registry.npmjs.org/tslib/-/tslib-2.5.3.tgz",
      "integrity": "sha512-mSxlJJwl3BMEQCUNnxXBU9jP4JBktcEGhURcPR6VQVlnP0FdDEsIaz0C35dXNGLyRfrATNofF0F5p2KPxQgB+w=="
    },
    "node_modules/typescript": {
      "version": "5.1.3",
      "resolved": "https://registry.npmjs.org/typescript/-/typescript-5.1.3.tgz",
      "integrity": "sha512-XH627E9vkeqhlZFQuL+UsyAXEnibT0kWR2FWONlr4sTjvxyJYnyefgrkyECLzM5NenmKzRAy2rR/OlYLA1HkZw==",
      "bin": {
        "tsc": "bin/tsc",
        "tsserver": "bin/tsserver"
      },
      "engines": {
        "node": ">=14.17"
      }
    },
    "node_modules/watchpack": {
      "version": "2.4.0",
      "resolved": "https://registry.npmjs.org/watchpack/-/watchpack-2.4.0.tgz",
      "integrity": "sha512-Lcvm7MGST/4fup+ifyKi2hjyIAwcdI4HRgtvTpIUxBRhB+RFtUh8XtDOxUfctVCnhVi+QQj49i91OyvzkJl6cg==",
      "dependencies": {
        "glob-to-regexp": "^0.4.1",
        "graceful-fs": "^4.1.2"
      },
      "engines": {
        "node": ">=10.13.0"
      }
    },
    "node_modules/zod": {
      "version": "3.21.4",
      "resolved": "https://registry.npmjs.org/zod/-/zod-3.21.4.tgz",
      "integrity": "sha512-m46AKbrzKVzOzs/DZgVnG5H55N1sv1M8qZU3A8RIKbs3mrACDNeIOeilDymVb2HdmP8uwshOCF4uJ8uM9rCqJw==",
      "funding": {
        "url": "https://github.com/sponsors/colinhacks"
      }
    }
  }
}
